github.com/Minagoroshi/discordgopluscamera v0.0.0-20221107014753-bb8744e24f11 h1:b0glEu3dfrzBaxWH8e089nfM0v7Q1gRri3kDEUIEiLQ=
github.com/Minagoroshi/discordgopluscamera v0.0.0-20221107014753-bb8744e24f11/go.mod h1:ItXiGvlCI588tU/P2qCm8OEts9v1tSsuJ/NeVIWFtac=
github.com/Minagoroshi/discordgopluscamera v0.0.0-20221107040054-988153fe78e6 h1:UtZVqkWGFJ9FmABsDoCzcRgyR0gDsUDXDlPrs0ZOEVU=
github.com/Minagoroshi/discordgopluscamera v0.0.0-20221107040054-988153fe78e6/go.mod h1:ItXiGvlCI588tU/P2qCm8OEts9v1tSsuJ/NeVIWFtac=
github.com/Minagoroshi/discordgopluscamera v0.0.0-20221107041430-60417d8cb192 h1:5RbTa1GgWnvlJpYfMFOdyXZsoDdY6hyrWQg8c02B3TE=
github.com/Minagoroshi/discordgopluscamera v0.0.0-20221107041430-60417d8cb192/go.mod h1:ItXiGvlCI588tU/P2qCm8OEts9v1tSsuJ/NeVIWFtac=
github.com/Minagoroshi/discordgopluscamera v0.0.0-20221107041626-eb073fa25b1e h1:zBbcrUOA9w7ymifd435UJr4qrhgkjItycS7m6rcE5g8=
github.com/Minagoroshi/discordgopluscamera v0.0.0-20221107041626-eb073fa25b1e/go.mod h1:ItXiGvlCI588tU/P2qCm8OEts9v1tSsuJ/NeVIWFtac=
github.com/bwmarrin/discordgo v0.26.1 h1:AIrM+g3cl+iYBr4yBxCBp9tD9jR3K7upEjl0d89FRkE=
github.com/bwmarrin/discordgo v0.26.1/go.mod h1:NJZpH+1AfhIcyQsPeuBKsUtYrRnjkyu0kIVMCHkZtRY=
github.com/gorilla/websocket v1.4.2 h1:+/TMaTYc4QFitKJxsQ7Yye35DkWvkdLcvGKqM+x0Ufc=
github.com/gorilla/websocket v1.4.2/go.mod h1:YR8l580nyteQvAITg2hZ9XVh4b55+EU/adAjf1fMHhE=
golang.org/x/crypto v0.0.0-20210421170649-83a5a9bb288b h1:7mWr3k41Qtv8XlltBkDkl8LoP3mpSgBW8BUoxtEdbXg=
golang.org/x/crypto v0.0.0-20210421170649-83a5a9bb288b/go.mod h1:T9bdIzuCu7OtxOm1hfPfRQxPLYneinmdGuTeoZ9dtd4=
golang.org/x/net v0.0.0-20210226172049-e18ecbb05110/go.mod h1:m0MpNAwzfU5UDzcl9v0D8zg8gWTRqZa9RBIspLL5mdg=
golang.org/x/sys v0.0.0-20201119102817-f84b799fce68 h1:nxC68pudNYkKU6jWhgrqdreuFiOQWj1Fs7T3VrH4Pjw=
golang.org/x/sys v0.0.0-20201119102817-f84b799fce68/go.mod h1:h1NjWce9XRLGQEsW7wpKNCjG9DtNlClVuFLEZdDNbEs=
golang.org/x/term v0.0.0-20201126162022-7de9c90e9dd1/go.mod h1:bj7SfCRtBDWHUb9snDiAeCFNEtKQo2Wmx5Cou7ajbmo=
golang.org/x/text v0.3.3/go.mod h1:5Zoc/QRtKVWzQhOtBMvqHzDpF6irO9z98xDceosuGiQ=
golang.org/x/tools v0.0.0-20180917221912-90fa682c2a6e/go.mod h1:n7NCudcB/nEzxVGmLbDWY5pfWTLqBcC2KZ6jyYvM4mQ=
layeh.com/gopus v0.0.0-20210501142526-1ee02d434e32 h1:/S1gOotFo2sADAIdSGk1sDq1VxetoCWr6f5nxOG0dpY=
layeh.com/gopus v0.0.0-20210501142526-1ee02d434e32/go.mod h1:yDtyzWZDFCVnva8NGtg38eH2Ns4J0D/6hD+MMeUGdF0=
